
Microsoft Visual Studio Solution File, Format Version 12.00
# Visual Studio Version 17
VisualStudioVersion = 17.8.34309.116
MinimumVisualStudioVersion = 10.0.40219.1
Project("{8BC9CEB8-8B4A-11D0-8D11-00A0C91BC942}") = "OS13_HTCOM", "OS13_HTCOM\OS13_HTCOM.vcxproj", "{E7C9803F-650B-4E7D-BA42-219C8EF9AFE4}"
EndProject
Project("{8BC9CEB8-8B4A-11D0-8D11-00A0C91BC942}") = "OS13_HTCOM_LIB", "OS13_HTCOM_LIB\OS13_HTCOM_LIB.vcxproj", "{20AAA04C-B81B-45C0-BC1C-80FE4D07A55A}"
EndProject
Project("{8BC9CEB8-8B4A-11D0-8D11-00A0C91BC942}") = "OS13_CREATE", "OS13_CREATE\OS13_CREATE.vcxproj", "{61318A62-DB3E-46BC-989E-866A9CF434F7}"
EndProject
Project("{8BC9CEB8-8B4A-11D0-8D11-00A0C91BC942}") = "OS13_START", "OS13_START\OS13_START.vcxproj", "{5A06F77E-59E7-45B3-93DA-7914296058FE}"
EndProject
Project("{8BC9CEB8-8B4A-11D0-8D11-00A0C91BC942}") = "OS13_STOP", "OS13_STOP\OS13_STOP.vcxproj", "{D59D5F13-51C4-44D8-861E-EE70CA106DD4}"
EndProject
Project("{8BC9CEB8-8B4A-11D0-8D11-00A0C91BC942}") = "OS_0402", "OS_0402\OS_0402.vcxproj", "{19FAD171-DD10-4DDF-8436-93AC7D5D29E6}"
EndProject
Project("{8BC9CEB8-8B4A-11D0-8D11-00A0C91BC942}") = "OS_0403", "OS_0403\OS_0403.vcxproj", "{DF645E90-2AB8-46B1-8027-1A5267F66D82}"
EndProject
Project("{8BC9CEB8-8B4A-11D0-8D11-00A0C91BC942}") = "OS_0404", "OS_0404\OS_0404.vcxproj", "{166FE156-1B91-43D5-8929-11654E20235D}"
EndProject
Global
	GlobalSection(SolutionConfigurationPlatforms) = preSolution
		Debug|x64 = Debug|x64
		Debug|x86 = Debug|x86
		Release|x64 = Release|x64
		Release|x86 = Release|x86
	EndGlobalSection
	GlobalSection(ProjectConfigurationPlatforms) = postSolution
		{E7C9803F-650B-4E7D-BA42-219C8EF9AFE4}.Debug|x64.ActiveCfg = Debug|x64
		{E7C9803F-650B-4E7D-BA42-219C8EF9AFE4}.Debug|x64.Build.0 = Debug|x64
		{E7C9803F-650B-4E7D-BA42-219C8EF9AFE4}.Debug|x86.ActiveCfg = Debug|Win32
		{E7C9803F-650B-4E7D-BA42-219C8EF9AFE4}.Debug|x86.Build.0 = Debug|Win32
		{E7C9803F-650B-4E7D-BA42-219C8EF9AFE4}.Release|x64.ActiveCfg = Release|x64
		{E7C9803F-650B-4E7D-BA42-219C8EF9AFE4}.Release|x64.Build.0 = Release|x64
		{E7C9803F-650B-4E7D-BA42-219C8EF9AFE4}.Release|x86.ActiveCfg = Release|Win32
		{E7C9803F-650B-4E7D-BA42-219C8EF9AFE4}.Release|x86.Build.0 = Release|Win32
		{20AAA04C-B81B-45C0-BC1C-80FE4D07A55A}.Debug|x64.ActiveCfg = Debug|x64
		{20AAA04C-B81B-45C0-BC1C-80FE4D07A55A}.Debug|x64.Build.0 = Debug|x64
		{20AAA04C-B81B-45C0-BC1C-80FE4D07A55A}.Debug|x86.ActiveCfg = Debug|Win32
		{20AAA04C-B81B-45C0-BC1C-80FE4D07A55A}.Debug|x86.Build.0 = Debug|Win32
		{20AAA04C-B81B-45C0-BC1C-80FE4D07A55A}.Release|x64.ActiveCfg = Release|x64
		{20AAA04C-B81B-45C0-BC1C-80FE4D07A55A}.Release|x64.Build.0 = Release|x64
		{20AAA04C-B81B-45C0-BC1C-80FE4D07A55A}.Release|x86.ActiveCfg = Release|Win32
		{20AAA04C-B81B-45C0-BC1C-80FE4D07A55A}.Release|x86.Build.0 = Release|Win32
		{61318A62-DB3E-46BC-989E-866A9CF434F7}.Debug|x64.ActiveCfg = Debug|x64
		{61318A62-DB3E-46BC-989E-866A9CF434F7}.Debug|x64.Build.0 = Debug|x64
		{61318A62-DB3E-46BC-989E-866A9CF434F7}.Debug|x86.ActiveCfg = Debug|Win32
		{61318A62-DB3E-46BC-989E-866A9CF434F7}.Debug|x86.Build.0 = Debug|Win32
		{61318A62-DB3E-46BC-989E-866A9CF434F7}.Release|x64.ActiveCfg = Release|x64
		{61318A62-DB3E-46BC-989E-866A9CF434F7}.Release|x64.Build.0 = Release|x64
		{61318A62-DB3E-46BC-989E-866A9CF434F7}.Release|x86.ActiveCfg = Release|Win32
		{61318A62-DB3E-46BC-989E-866A9CF434F7}.Release|x86.Build.0 = Release|Win32
		{5A06F77E-59E7-45B3-93DA-7914296058FE}.Debug|x64.ActiveCfg = Debug|x64
		{5A06F77E-59E7-45B3-93DA-7914296058FE}.Debug|x64.Build.0 = Debug|x64
		{5A06F77E-59E7-45B3-93DA-7914296058FE}.Debug|x86.ActiveCfg = Debug|Win32
		{5A06F77E-59E7-45B3-93DA-7914296058FE}.Debug|x86.Build.0 = Debug|Win32
		{5A06F77E-59E7-45B3-93DA-7914296058FE}.Release|x64.ActiveCfg = Release|x64
		{5A06F77E-59E7-45B3-93DA-7914296058FE}.Release|x64.Build.0 = Release|x64
		{5A06F77E-59E7-45B3-93DA-7914296058FE}.Release|x86.ActiveCfg = Release|Win32
		{5A06F77E-59E7-45B3-93DA-7914296058FE}.Release|x86.Build.0 = Release|Win32
		{D59D5F13-51C4-44D8-861E-EE70CA106DD4}.Debug|x64.ActiveCfg = Debug|x64
		{D59D5F13-51C4-44D8-861E-EE70CA106DD4}.Debug|x64.Build.0 = Debug|x64
		{D59D5F13-51C4-44D8-861E-EE70CA106DD4}.Debug|x86.ActiveCfg = Debug|Win32
		{D59D5F13-51C4-44D8-861E-EE70CA106DD4}.Debug|x86.Build.0 = Debug|Win32
		{D59D5F13-51C4-44D8-861E-EE70CA106DD4}.Release|x64.ActiveCfg = Release|x64
		{D59D5F13-51C4-44D8-861E-EE70CA106DD4}.Release|x64.Build.0 = Release|x64
		{D59D5F13-51C4-44D8-861E-EE70CA106DD4}.Release|x86.ActiveCfg = Release|Win32
		{D59D5F13-51C4-44D8-861E-EE70CA106DD4}.Release|x86.Build.0 = Release|Win32
		{19FAD171-DD10-4DDF-8436-93AC7D5D29E6}.Debug|x64.ActiveCfg = Debug|x64
		{19FAD171-DD10-4DDF-8436-93AC7D5D29E6}.Debug|x64.Build.0 = Debug|x64
		{19FAD171-DD10-4DDF-8436-93AC7D5D29E6}.Debug|x86.ActiveCfg = Debug|Win32
		{19FAD171-DD10-4DDF-8436-93AC7D5D29E6}.Debug|x86.Build.0 = Debug|Win32
		{19FAD171-DD10-4DDF-8436-93AC7D5D29E6}.Release|x64.ActiveCfg = Release|x64
		{19FAD171-DD10-4DDF-8436-93AC7D5D29E6}.Release|x64.Build.0 = Release|x64
		{19FAD171-DD10-4DDF-8436-93AC7D5D29E6}.Release|x86.ActiveCfg = Release|Win32
		{19FAD171-DD10-4DDF-8436-93AC7D5D29E6}.Release|x86.Build.0 = Release|Win32
		{DF645E90-2AB8-46B1-8027-1A5267F66D82}.Debug|x64.ActiveCfg = Debug|x64
		{DF645E90-2AB8-46B1-8027-1A5267F66D82}.Debug|x64.Build.0 = Debug|x64
		{DF645E90-2AB8-46B1-8027-1A5267F66D82}.Debug|x86.ActiveCfg = Debug|Win32
		{DF645E90-2AB8-46B1-8027-1A5267F66D82}.Debug|x86.Build.0 = Debug|Win32
		{DF645E90-2AB8-46B1-8027-1A5267F66D82}.Release|x64.ActiveCfg = Release|x64
		{DF645E90-2AB8-46B1-8027-1A5267F66D82}.Release|x64.Build.0 = Release|x64
		{DF645E90-2AB8-46B1-8027-1A5267F66D82}.Release|x86.ActiveCfg = Release|Win32
		{DF645E90-2AB8-46B1-8027-1A5267F66D82}.Release|x86.Build.0 = Release|Win32
		{166FE156-1B91-43D5-8929-11654E20235D}.Debug|x64.ActiveCfg = Debug|x64
		{166FE156-1B91-43D5-8929-11654E20235D}.Debug|x64.Build.0 = Debug|x64
		{166FE156-1B91-43D5-8929-11654E20235D}.Debug|x86.ActiveCfg = Debug|Win32
		{166FE156-1B91-43D5-8929-11654E20235D}.Debug|x86.Build.0 = Debug|Win32
		{166FE156-1B91-43D5-8929-11654E20235D}.Release|x64.ActiveCfg = Release|x64
		{166FE156-1B91-43D5-8929-11654E20235D}.Release|x64.Build.0 = Release|x64
		{166FE156-1B91-43D5-8929-11654E20235D}.Release|x86.ActiveCfg = Release|Win32
		{166FE156-1B91-43D5-8929-11654E20235D}.Release|x86.Build.0 = Release|Win32
	EndGlobalSection
	GlobalSection(SolutionProperties) = preSolution
		HideSolutionNode = FALSE
	EndGlobalSection
	GlobalSection(ExtensibilityGlobals) = postSolution
		SolutionGuid = {F9A9F833-1C5D-4EE0-9EC1-4867DFD09821}
	EndGlobalSection
EndGlobal
