
Microsoft Visual Studio Solution File, Format Version 12.00
# Visual Studio Version 17
VisualStudioVersion = 17.4.33403.182
MinimumVisualStudioVersion = 10.0.40219.1
Project("{FAE04EC0-301F-11D3-BF4B-00C04F79EFBC}") = "WpfApp1", "WpfApp1\WpfApp1.csproj", "{4F6B60EF-B196-4B13-BBCA-B9134E9360FF}"
EndProject
Global
	GlobalSection(SolutionConfigurationPlatforms) = preSolution
		Debug|Any CPU = Debug|Any CPU
		Release|Any CPU = Release|Any CPU
	EndGlobalSection
	GlobalSection(ProjectConfigurationPlatforms) = postSolution
		{4F6B60EF-B196-4B13-BBCA-B9134E9360FF}.Debug|Any CPU.ActiveCfg = Debug|Any CPU
		{4F6B60EF-B196-4B13-BBCA-B9134E9360FF}.Debug|Any CPU.Build.0 = Debug|Any CPU
		{4F6B60EF-B196-4B13-BBCA-B9134E9360FF}.Release|Any CPU.ActiveCfg = Release|Any CPU
		{4F6B60EF-B196-4B13-BBCA-B9134E9360FF}.Release|Any CPU.Build.0 = Release|Any CPU
	EndGlobalSection
	GlobalSection(SolutionProperties) = preSolution
		HideSolutionNode = FALSE
	EndGlobalSection
	GlobalSection(ExtensibilityGlobals) = postSolution
		SolutionGuid = {F7B31167-A296-47B8-84F1-907C964ABDA0}
	EndGlobalSection
EndGlobal
