
Microsoft Visual Studio Solution File, Format Version 12.00
# Visual Studio Version 16
VisualStudioVersion = 16.0.32126.315
MinimumVisualStudioVersion = 10.0.40219.1
Project("{FAE04EC0-301F-11D3-BF4B-00C04F79EFBC}") = "WpfApp1", "WpfApp1\WpfApp1.csproj", "{4C5E9AFB-1290-417F-B592-05978667C833}"
EndProject
Global
	GlobalSection(SolutionConfigurationPlatforms) = preSolution
		Debug|Any CPU = Debug|Any CPU
		Release|Any CPU = Release|Any CPU
	EndGlobalSection
	GlobalSection(ProjectConfigurationPlatforms) = postSolution
		{4C5E9AFB-1290-417F-B592-05978667C833}.Debug|Any CPU.ActiveCfg = Debug|Any CPU
		{4C5E9AFB-1290-417F-B592-05978667C833}.Debug|Any CPU.Build.0 = Debug|Any CPU
		{4C5E9AFB-1290-417F-B592-05978667C833}.Release|Any CPU.ActiveCfg = Release|Any CPU
		{4C5E9AFB-1290-417F-B592-05978667C833}.Release|Any CPU.Build.0 = Release|Any CPU
	EndGlobalSection
	GlobalSection(SolutionProperties) = preSolution
		HideSolutionNode = FALSE
	EndGlobalSection
	GlobalSection(ExtensibilityGlobals) = postSolution
		SolutionGuid = {A1600666-396D-40B3-9870-FA7AA3B8FBE2}
	EndGlobalSection
EndGlobal
