
Microsoft Visual Studio Solution File, Format Version 12.00
# Visual Studio Version 17
VisualStudioVersion = 17.4.33403.182
MinimumVisualStudioVersion = 10.0.40219.1
Project("{FAE04EC0-301F-11D3-BF4B-00C04F79EFBC}") = "Lec04LibN", "Lec04LibN\Lec04LibN.csproj", "{82B73517-8B38-4A9C-B259-8B4A0AD6B448}"
EndProject
Global
	GlobalSection(SolutionConfigurationPlatforms) = preSolution
		Debug|Any CPU = Debug|Any CPU
		Release|Any CPU = Release|Any CPU
	EndGlobalSection
	GlobalSection(ProjectConfigurationPlatforms) = postSolution
		{82B73517-8B38-4A9C-B259-8B4A0AD6B448}.Debug|Any CPU.ActiveCfg = Debug|Any CPU
		{82B73517-8B38-4A9C-B259-8B4A0AD6B448}.Debug|Any CPU.Build.0 = Debug|Any CPU
		{82B73517-8B38-4A9C-B259-8B4A0AD6B448}.Release|Any CPU.ActiveCfg = Release|Any CPU
		{82B73517-8B38-4A9C-B259-8B4A0AD6B448}.Release|Any CPU.Build.0 = Release|Any CPU
	EndGlobalSection
	GlobalSection(SolutionProperties) = preSolution
		HideSolutionNode = FALSE
	EndGlobalSection
	GlobalSection(ExtensibilityGlobals) = postSolution
		SolutionGuid = {47289371-DB80-40F9-B328-395F957576B0}
	EndGlobalSection
EndGlobal
