
Microsoft Visual Studio Solution File, Format Version 11.00
# Visual Studio 2010
Project("{FAE04EC0-301F-11D3-BF4B-00C04F79EFBC}") = "Assembly-CSharp", "Assembly-CSharp.csproj", "{D4A409B8-594A-72D1-73C8-7F1977474F20}"
EndProject
Project("{FAE04EC0-301F-11D3-BF4B-00C04F79EFBC}") = "Assembly-CSharp-firstpass", "Assembly-CSharp-firstpass.csproj", "{2C8E940F-7531-6F5D-03B6-B7B9262437CA}"
EndProject
Project("{FAE04EC0-301F-11D3-BF4B-00C04F79EFBC}") = "Assembly-CSharp-Editor-firstpass", "Assembly-CSharp-Editor-firstpass.csproj", "{299B0029-A353-C54B-0125-7B7DEB0BB631}"
EndProject
Global
	GlobalSection(SolutionConfigurationPlatforms) = preSolution
		Debug|Any CPU = Debug|Any CPU
		Release|Any CPU = Release|Any CPU
	EndGlobalSection
	GlobalSection(ProjectConfigurationPlatforms) = postSolution
		{D4A409B8-594A-72D1-73C8-7F1977474F20}.Debug|Any CPU.ActiveCfg = Debug|Any CPU
		{D4A409B8-594A-72D1-73C8-7F1977474F20}.Debug|Any CPU.Build.0 = Debug|Any CPU
		{D4A409B8-594A-72D1-73C8-7F1977474F20}.Release|Any CPU.ActiveCfg = Release|Any CPU
		{D4A409B8-594A-72D1-73C8-7F1977474F20}.Release|Any CPU.Build.0 = Release|Any CPU
		{2C8E940F-7531-6F5D-03B6-B7B9262437CA}.Debug|Any CPU.ActiveCfg = Debug|Any CPU
		{2C8E940F-7531-6F5D-03B6-B7B9262437CA}.Debug|Any CPU.Build.0 = Debug|Any CPU
		{2C8E940F-7531-6F5D-03B6-B7B9262437CA}.Release|Any CPU.ActiveCfg = Release|Any CPU
		{2C8E940F-7531-6F5D-03B6-B7B9262437CA}.Release|Any CPU.Build.0 = Release|Any CPU
		{299B0029-A353-C54B-0125-7B7DEB0BB631}.Debug|Any CPU.ActiveCfg = Debug|Any CPU
		{299B0029-A353-C54B-0125-7B7DEB0BB631}.Debug|Any CPU.Build.0 = Debug|Any CPU
		{299B0029-A353-C54B-0125-7B7DEB0BB631}.Release|Any CPU.ActiveCfg = Release|Any CPU
		{299B0029-A353-C54B-0125-7B7DEB0BB631}.Release|Any CPU.Build.0 = Release|Any CPU
	EndGlobalSection
	GlobalSection(SolutionProperties) = preSolution
		HideSolutionNode = FALSE
	EndGlobalSection
	GlobalSection(MonoDevelopProperties) = preSolution
		StartupItem = Assembly-CSharp.csproj
	EndGlobalSection
EndGlobal
