
Microsoft Visual Studio Solution File, Format Version 12.00
# Visual Studio Version 16
VisualStudioVersion = 16.0.32929.386
MinimumVisualStudioVersion = 10.0.40219.1
Project("{FAE04EC0-301F-11D3-BF4B-00C04F79EFBC}") = "EightLab", "EightLab\EightLab.csproj", "{55B9FE68-459B-49DB-B128-58958E05260E}"
EndProject
Global
	GlobalSection(SolutionConfigurationPlatforms) = preSolution
		Debug|Any CPU = Debug|Any CPU
		Release|Any CPU = Release|Any CPU
	EndGlobalSection
	GlobalSection(ProjectConfigurationPlatforms) = postSolution
		{55B9FE68-459B-49DB-B128-58958E05260E}.Debug|Any CPU.ActiveCfg = Debug|Any CPU
		{55B9FE68-459B-49DB-B128-58958E05260E}.Debug|Any CPU.Build.0 = Debug|Any CPU
		{55B9FE68-459B-49DB-B128-58958E05260E}.Release|Any CPU.ActiveCfg = Release|Any CPU
		{55B9FE68-459B-49DB-B128-58958E05260E}.Release|Any CPU.Build.0 = Release|Any CPU
	EndGlobalSection
	GlobalSection(SolutionProperties) = preSolution
		HideSolutionNode = FALSE
	EndGlobalSection
	GlobalSection(ExtensibilityGlobals) = postSolution
		SolutionGuid = {13499C4D-F9D0-4C4E-BED1-F9EBF70155F0}
	EndGlobalSection
EndGlobal
