
Microsoft Visual Studio Solution File, Format Version 12.00
# Visual Studio Version 17
VisualStudioVersion = 17.7.34024.191
MinimumVisualStudioVersion = 10.0.40219.1
Project("{FAE04EC0-301F-11D3-BF4B-00C04F79EFBC}") = "lab3", "lab3\lab3.csproj", "{4F8569FD-E65E-4F01-9B27-5F3598A1922E}"
EndProject
Global
	GlobalSection(SolutionConfigurationPlatforms) = preSolution
		Debug|Any CPU = Debug|Any CPU
		Release|Any CPU = Release|Any CPU
	EndGlobalSection
	GlobalSection(ProjectConfigurationPlatforms) = postSolution
		{4F8569FD-E65E-4F01-9B27-5F3598A1922E}.Debug|Any CPU.ActiveCfg = Debug|Any CPU
		{4F8569FD-E65E-4F01-9B27-5F3598A1922E}.Debug|Any CPU.Build.0 = Debug|Any CPU
		{4F8569FD-E65E-4F01-9B27-5F3598A1922E}.Release|Any CPU.ActiveCfg = Release|Any CPU
		{4F8569FD-E65E-4F01-9B27-5F3598A1922E}.Release|Any CPU.Build.0 = Release|Any CPU
	EndGlobalSection
	GlobalSection(SolutionProperties) = preSolution
		HideSolutionNode = FALSE
	EndGlobalSection
	GlobalSection(ExtensibilityGlobals) = postSolution
		SolutionGuid = {516AE5A6-3F7B-4A0D-9848-6CB51086679C}
	EndGlobalSection
EndGlobal
