
Microsoft Visual Studio Solution File, Format Version 12.00
# Visual Studio Version 17
VisualStudioVersion = 17.7.34024.191
MinimumVisualStudioVersion = 10.0.40219.1
Project("{8BC9CEB8-8B4A-11D0-8D11-00A0C91BC942}") = "OS12_COM", "OS12_COM\OS12_COM.vcxproj", "{7011E254-F331-4C8A-ACC5-254F19A79B22}"
EndProject
Project("{8BC9CEB8-8B4A-11D0-8D11-00A0C91BC942}") = "OS12_LIB", "OS12_LIB\OS12_LIB.vcxproj", "{568042D9-7B36-4B61-9FE9-F15A2FCD0E34}"
EndProject
Project("{8BC9CEB8-8B4A-11D0-8D11-00A0C91BC942}") = "OS12_02", "OS12_02\OS12_02.vcxproj", "{5CD86308-A5C3-4E27-97E1-C7B03434CDAC}"
EndProject
Project("{8BC9CEB8-8B4A-11D0-8D11-00A0C91BC942}") = "OS12_04", "OS12_04\OS12_04.vcxproj", "{93C95D65-CB33-46BB-A0BD-DDA234F414C6}"
EndProject
Global
	GlobalSection(SolutionConfigurationPlatforms) = preSolution
		Debug|x64 = Debug|x64
		Debug|x86 = Debug|x86
		Release|x64 = Release|x64
		Release|x86 = Release|x86
	EndGlobalSection
	GlobalSection(ProjectConfigurationPlatforms) = postSolution
		{7011E254-F331-4C8A-ACC5-254F19A79B22}.Debug|x64.ActiveCfg = Debug|x64
		{7011E254-F331-4C8A-ACC5-254F19A79B22}.Debug|x64.Build.0 = Debug|x64
		{7011E254-F331-4C8A-ACC5-254F19A79B22}.Debug|x86.ActiveCfg = Debug|Win32
		{7011E254-F331-4C8A-ACC5-254F19A79B22}.Debug|x86.Build.0 = Debug|Win32
		{7011E254-F331-4C8A-ACC5-254F19A79B22}.Release|x64.ActiveCfg = Release|x64
		{7011E254-F331-4C8A-ACC5-254F19A79B22}.Release|x64.Build.0 = Release|x64
		{7011E254-F331-4C8A-ACC5-254F19A79B22}.Release|x86.ActiveCfg = Release|Win32
		{7011E254-F331-4C8A-ACC5-254F19A79B22}.Release|x86.Build.0 = Release|Win32
		{568042D9-7B36-4B61-9FE9-F15A2FCD0E34}.Debug|x64.ActiveCfg = Debug|x64
		{568042D9-7B36-4B61-9FE9-F15A2FCD0E34}.Debug|x64.Build.0 = Debug|x64
		{568042D9-7B36-4B61-9FE9-F15A2FCD0E34}.Debug|x86.ActiveCfg = Debug|Win32
		{568042D9-7B36-4B61-9FE9-F15A2FCD0E34}.Debug|x86.Build.0 = Debug|Win32
		{568042D9-7B36-4B61-9FE9-F15A2FCD0E34}.Release|x64.ActiveCfg = Release|x64
		{568042D9-7B36-4B61-9FE9-F15A2FCD0E34}.Release|x64.Build.0 = Release|x64
		{568042D9-7B36-4B61-9FE9-F15A2FCD0E34}.Release|x86.ActiveCfg = Release|Win32
		{568042D9-7B36-4B61-9FE9-F15A2FCD0E34}.Release|x86.Build.0 = Release|Win32
		{5CD86308-A5C3-4E27-97E1-C7B03434CDAC}.Debug|x64.ActiveCfg = Debug|x64
		{5CD86308-A5C3-4E27-97E1-C7B03434CDAC}.Debug|x64.Build.0 = Debug|x64
		{5CD86308-A5C3-4E27-97E1-C7B03434CDAC}.Debug|x86.ActiveCfg = Debug|Win32
		{5CD86308-A5C3-4E27-97E1-C7B03434CDAC}.Debug|x86.Build.0 = Debug|Win32
		{5CD86308-A5C3-4E27-97E1-C7B03434CDAC}.Release|x64.ActiveCfg = Release|x64
		{5CD86308-A5C3-4E27-97E1-C7B03434CDAC}.Release|x64.Build.0 = Release|x64
		{5CD86308-A5C3-4E27-97E1-C7B03434CDAC}.Release|x86.ActiveCfg = Release|Win32
		{5CD86308-A5C3-4E27-97E1-C7B03434CDAC}.Release|x86.Build.0 = Release|Win32
		{93C95D65-CB33-46BB-A0BD-DDA234F414C6}.Debug|x64.ActiveCfg = Debug|x64
		{93C95D65-CB33-46BB-A0BD-DDA234F414C6}.Debug|x64.Build.0 = Debug|x64
		{93C95D65-CB33-46BB-A0BD-DDA234F414C6}.Debug|x86.ActiveCfg = Debug|Win32
		{93C95D65-CB33-46BB-A0BD-DDA234F414C6}.Debug|x86.Build.0 = Debug|Win32
		{93C95D65-CB33-46BB-A0BD-DDA234F414C6}.Release|x64.ActiveCfg = Release|x64
		{93C95D65-CB33-46BB-A0BD-DDA234F414C6}.Release|x64.Build.0 = Release|x64
		{93C95D65-CB33-46BB-A0BD-DDA234F414C6}.Release|x86.ActiveCfg = Release|Win32
		{93C95D65-CB33-46BB-A0BD-DDA234F414C6}.Release|x86.Build.0 = Release|Win32
	EndGlobalSection
	GlobalSection(SolutionProperties) = preSolution
		HideSolutionNode = FALSE
	EndGlobalSection
	GlobalSection(ExtensibilityGlobals) = postSolution
		SolutionGuid = {612C9E30-493A-4ED9-B2C2-3FF50A6A1EAA}
	EndGlobalSection
EndGlobal
