
Microsoft Visual Studio Solution File, Format Version 12.00
# Visual Studio Version 17
VisualStudioVersion = 17.4.33403.182
MinimumVisualStudioVersion = 10.0.40219.1
Project("{FAE04EC0-301F-11D3-BF4B-00C04F79EFBC}") = "WpfApp1", "WpfApp1\WpfApp1.csproj", "{46D9CEE2-F4D7-4A11-99B3-C4F01CFDB16B}"
EndProject
Global
	GlobalSection(SolutionConfigurationPlatforms) = preSolution
		Debug|Any CPU = Debug|Any CPU
		Release|Any CPU = Release|Any CPU
	EndGlobalSection
	GlobalSection(ProjectConfigurationPlatforms) = postSolution
		{46D9CEE2-F4D7-4A11-99B3-C4F01CFDB16B}.Debug|Any CPU.ActiveCfg = Debug|Any CPU
		{46D9CEE2-F4D7-4A11-99B3-C4F01CFDB16B}.Debug|Any CPU.Build.0 = Debug|Any CPU
		{46D9CEE2-F4D7-4A11-99B3-C4F01CFDB16B}.Release|Any CPU.ActiveCfg = Release|Any CPU
		{46D9CEE2-F4D7-4A11-99B3-C4F01CFDB16B}.Release|Any CPU.Build.0 = Release|Any CPU
	EndGlobalSection
	GlobalSection(SolutionProperties) = preSolution
		HideSolutionNode = FALSE
	EndGlobalSection
	GlobalSection(ExtensibilityGlobals) = postSolution
		SolutionGuid = {D2F54C72-2744-4B03-BC3B-737CDE97C4AF}
	EndGlobalSection
EndGlobal
