
Microsoft Visual Studio Solution File, Format Version 12.00
# Visual Studio Version 16
VisualStudioVersion = 16.0.31205.134
MinimumVisualStudioVersion = 10.0.40219.1
Project("{8BC9CEB8-8B4A-11D0-8D11-00A0C91BC942}") = "OS09_01", "OS09_01\OS09_01.vcxproj", "{7F52951D-EBE5-427D-9860-BAE53B19F512}"
EndProject
Project("{8BC9CEB8-8B4A-11D0-8D11-00A0C91BC942}") = "OS09_02", "OS09_02\OS09_02.vcxproj", "{7F808CBD-2689-4F8D-A299-AB849C3E10D5}"
EndProject
Project("{8BC9CEB8-8B4A-11D0-8D11-00A0C91BC942}") = "OS09_03", "OS09_03\OS09_03.vcxproj", "{4B19DA85-4476-4FF3-A464-E4A4EDE15E14}"
EndProject
Project("{8BC9CEB8-8B4A-11D0-8D11-00A0C91BC942}") = "OS09_04", "OS09_04\OS09_04.vcxproj", "{4DAE4FBA-B22F-4F2C-9EF6-ED6832923A54}"
EndProject
Global
	GlobalSection(SolutionConfigurationPlatforms) = preSolution
		Debug|x64 = Debug|x64
		Debug|x86 = Debug|x86
		Release|x64 = Release|x64
		Release|x86 = Release|x86
	EndGlobalSection
	GlobalSection(ProjectConfigurationPlatforms) = postSolution
		{7F52951D-EBE5-427D-9860-BAE53B19F512}.Debug|x64.ActiveCfg = Debug|x64
		{7F52951D-EBE5-427D-9860-BAE53B19F512}.Debug|x64.Build.0 = Debug|x64
		{7F52951D-EBE5-427D-9860-BAE53B19F512}.Debug|x86.ActiveCfg = Debug|Win32
		{7F52951D-EBE5-427D-9860-BAE53B19F512}.Debug|x86.Build.0 = Debug|Win32
		{7F52951D-EBE5-427D-9860-BAE53B19F512}.Release|x64.ActiveCfg = Release|x64
		{7F52951D-EBE5-427D-9860-BAE53B19F512}.Release|x64.Build.0 = Release|x64
		{7F52951D-EBE5-427D-9860-BAE53B19F512}.Release|x86.ActiveCfg = Release|Win32
		{7F52951D-EBE5-427D-9860-BAE53B19F512}.Release|x86.Build.0 = Release|Win32
		{7F808CBD-2689-4F8D-A299-AB849C3E10D5}.Debug|x64.ActiveCfg = Debug|x64
		{7F808CBD-2689-4F8D-A299-AB849C3E10D5}.Debug|x64.Build.0 = Debug|x64
		{7F808CBD-2689-4F8D-A299-AB849C3E10D5}.Debug|x86.ActiveCfg = Debug|Win32
		{7F808CBD-2689-4F8D-A299-AB849C3E10D5}.Debug|x86.Build.0 = Debug|Win32
		{7F808CBD-2689-4F8D-A299-AB849C3E10D5}.Release|x64.ActiveCfg = Release|x64
		{7F808CBD-2689-4F8D-A299-AB849C3E10D5}.Release|x64.Build.0 = Release|x64
		{7F808CBD-2689-4F8D-A299-AB849C3E10D5}.Release|x86.ActiveCfg = Release|Win32
		{7F808CBD-2689-4F8D-A299-AB849C3E10D5}.Release|x86.Build.0 = Release|Win32
		{4B19DA85-4476-4FF3-A464-E4A4EDE15E14}.Debug|x64.ActiveCfg = Debug|x64
		{4B19DA85-4476-4FF3-A464-E4A4EDE15E14}.Debug|x64.Build.0 = Debug|x64
		{4B19DA85-4476-4FF3-A464-E4A4EDE15E14}.Debug|x86.ActiveCfg = Debug|Win32
		{4B19DA85-4476-4FF3-A464-E4A4EDE15E14}.Debug|x86.Build.0 = Debug|Win32
		{4B19DA85-4476-4FF3-A464-E4A4EDE15E14}.Release|x64.ActiveCfg = Release|x64
		{4B19DA85-4476-4FF3-A464-E4A4EDE15E14}.Release|x64.Build.0 = Release|x64
		{4B19DA85-4476-4FF3-A464-E4A4EDE15E14}.Release|x86.ActiveCfg = Release|Win32
		{4B19DA85-4476-4FF3-A464-E4A4EDE15E14}.Release|x86.Build.0 = Release|Win32
		{4DAE4FBA-B22F-4F2C-9EF6-ED6832923A54}.Debug|x64.ActiveCfg = Debug|x64
		{4DAE4FBA-B22F-4F2C-9EF6-ED6832923A54}.Debug|x64.Build.0 = Debug|x64
		{4DAE4FBA-B22F-4F2C-9EF6-ED6832923A54}.Debug|x86.ActiveCfg = Debug|Win32
		{4DAE4FBA-B22F-4F2C-9EF6-ED6832923A54}.Debug|x86.Build.0 = Debug|Win32
		{4DAE4FBA-B22F-4F2C-9EF6-ED6832923A54}.Release|x64.ActiveCfg = Release|x64
		{4DAE4FBA-B22F-4F2C-9EF6-ED6832923A54}.Release|x64.Build.0 = Release|x64
		{4DAE4FBA-B22F-4F2C-9EF6-ED6832923A54}.Release|x86.ActiveCfg = Release|Win32
		{4DAE4FBA-B22F-4F2C-9EF6-ED6832923A54}.Release|x86.Build.0 = Release|Win32
	EndGlobalSection
	GlobalSection(SolutionProperties) = preSolution
		HideSolutionNode = FALSE
	EndGlobalSection
	GlobalSection(ExtensibilityGlobals) = postSolution
		SolutionGuid = {2D80F9BF-47D2-43DE-B4AB-EA8C8CD6AE93}
	EndGlobalSection
EndGlobal
