
Microsoft Visual Studio Solution File, Format Version 12.00
# Visual Studio Version 17
VisualStudioVersion = 17.8.34316.72
MinimumVisualStudioVersion = 10.0.40219.1
Project("{FAE04EC0-301F-11D3-BF4B-00C04F79EFBC}") = "lab5", "lab5\lab5.csproj", "{6B63BC11-CA51-4D56-ACC1-263EC7A5AEA8}"
EndProject
Project("{FAE04EC0-301F-11D3-BF4B-00C04F79EFBC}") = "Host", "Host\Host.csproj", "{B3D9983F-4F10-427F-87B5-9F9C72A7023D}"
EndProject
Project("{FAE04EC0-301F-11D3-BF4B-00C04F79EFBC}") = "Client1", "Client1\Client1.csproj", "{687DCD72-CCBD-4AD3-B793-6D8D2F55D3EA}"
	ProjectSection(ProjectDependencies) = postProject
		{6B63BC11-CA51-4D56-ACC1-263EC7A5AEA8} = {6B63BC11-CA51-4D56-ACC1-263EC7A5AEA8}
	EndProjectSection
EndProject
Project("{FAE04EC0-301F-11D3-BF4B-00C04F79EFBC}") = "Client2", "Client2\Client2.csproj", "{522DE719-F99B-4AEF-B49B-2A45F4CE1829}"
	ProjectSection(ProjectDependencies) = postProject
		{6B63BC11-CA51-4D56-ACC1-263EC7A5AEA8} = {6B63BC11-CA51-4D56-ACC1-263EC7A5AEA8}
	EndProjectSection
EndProject
Global
	GlobalSection(SolutionConfigurationPlatforms) = preSolution
		Debug|Any CPU = Debug|Any CPU
		Release|Any CPU = Release|Any CPU
	EndGlobalSection
	GlobalSection(ProjectConfigurationPlatforms) = postSolution
		{6B63BC11-CA51-4D56-ACC1-263EC7A5AEA8}.Debug|Any CPU.ActiveCfg = Debug|Any CPU
		{6B63BC11-CA51-4D56-ACC1-263EC7A5AEA8}.Debug|Any CPU.Build.0 = Debug|Any CPU
		{6B63BC11-CA51-4D56-ACC1-263EC7A5AEA8}.Release|Any CPU.ActiveCfg = Release|Any CPU
		{6B63BC11-CA51-4D56-ACC1-263EC7A5AEA8}.Release|Any CPU.Build.0 = Release|Any CPU
		{B3D9983F-4F10-427F-87B5-9F9C72A7023D}.Debug|Any CPU.ActiveCfg = Debug|Any CPU
		{B3D9983F-4F10-427F-87B5-9F9C72A7023D}.Debug|Any CPU.Build.0 = Debug|Any CPU
		{B3D9983F-4F10-427F-87B5-9F9C72A7023D}.Release|Any CPU.ActiveCfg = Release|Any CPU
		{B3D9983F-4F10-427F-87B5-9F9C72A7023D}.Release|Any CPU.Build.0 = Release|Any CPU
		{687DCD72-CCBD-4AD3-B793-6D8D2F55D3EA}.Debug|Any CPU.ActiveCfg = Debug|Any CPU
		{687DCD72-CCBD-4AD3-B793-6D8D2F55D3EA}.Debug|Any CPU.Build.0 = Debug|Any CPU
		{687DCD72-CCBD-4AD3-B793-6D8D2F55D3EA}.Release|Any CPU.ActiveCfg = Release|Any CPU
		{687DCD72-CCBD-4AD3-B793-6D8D2F55D3EA}.Release|Any CPU.Build.0 = Release|Any CPU
		{522DE719-F99B-4AEF-B49B-2A45F4CE1829}.Debug|Any CPU.ActiveCfg = Debug|Any CPU
		{522DE719-F99B-4AEF-B49B-2A45F4CE1829}.Debug|Any CPU.Build.0 = Debug|Any CPU
		{522DE719-F99B-4AEF-B49B-2A45F4CE1829}.Release|Any CPU.ActiveCfg = Release|Any CPU
		{522DE719-F99B-4AEF-B49B-2A45F4CE1829}.Release|Any CPU.Build.0 = Release|Any CPU
	EndGlobalSection
	GlobalSection(SolutionProperties) = preSolution
		HideSolutionNode = FALSE
	EndGlobalSection
	GlobalSection(ExtensibilityGlobals) = postSolution
		SolutionGuid = {08FAADD2-45EE-4185-BAC1-C41810DBEA47}
	EndGlobalSection
EndGlobal
