
Microsoft Visual Studio Solution File, Format Version 12.00
# Visual Studio Version 16
VisualStudioVersion = 16.0.32413.511
MinimumVisualStudioVersion = 10.0.40219.1
Project("{FAE04EC0-301F-11D3-BF4B-00C04F79EFBC}") = "WpfApp1", "WpfApp1\WpfApp1.csproj", "{39494DC4-5A03-4CC7-858A-5D9DC09A940A}"
EndProject
Global
	GlobalSection(SolutionConfigurationPlatforms) = preSolution
		Debug|Any CPU = Debug|Any CPU
		Release|Any CPU = Release|Any CPU
	EndGlobalSection
	GlobalSection(ProjectConfigurationPlatforms) = postSolution
		{39494DC4-5A03-4CC7-858A-5D9DC09A940A}.Debug|Any CPU.ActiveCfg = Debug|Any CPU
		{39494DC4-5A03-4CC7-858A-5D9DC09A940A}.Debug|Any CPU.Build.0 = Debug|Any CPU
		{39494DC4-5A03-4CC7-858A-5D9DC09A940A}.Release|Any CPU.ActiveCfg = Release|Any CPU
		{39494DC4-5A03-4CC7-858A-5D9DC09A940A}.Release|Any CPU.Build.0 = Release|Any CPU
	EndGlobalSection
	GlobalSection(SolutionProperties) = preSolution
		HideSolutionNode = FALSE
	EndGlobalSection
	GlobalSection(ExtensibilityGlobals) = postSolution
		SolutionGuid = {5B95160A-6402-407C-A9F6-F764D27126B3}
	EndGlobalSection
EndGlobal
