
Microsoft Visual Studio Solution File, Format Version 12.00
# Visual Studio Version 17
VisualStudioVersion = 17.12.35506.116
MinimumVisualStudioVersion = 10.0.40219.1
Project("{FAE04EC0-301F-11D3-BF4B-00C04F79EFBC}") = "SyndicationServiceLibrary", "SyndicationServiceLibrary\SyndicationServiceLibrary.csproj", "{2B42D955-7D17-4A7A-BD4E-248E4432E2AA}"
EndProject
Project("{FAE04EC0-301F-11D3-BF4B-00C04F79EFBC}") = "Host", "Host\Host.csproj", "{C4700438-5BA4-4614-8382-697777647F2A}"
EndProject
Project("{FAE04EC0-301F-11D3-BF4B-00C04F79EFBC}") = "Client", "Client\Client.csproj", "{4987D5B9-7138-4A8A-8C09-9964C942D357}"
EndProject
Global
	GlobalSection(SolutionConfigurationPlatforms) = preSolution
		Debug|Any CPU = Debug|Any CPU
		Release|Any CPU = Release|Any CPU
	EndGlobalSection
	GlobalSection(ProjectConfigurationPlatforms) = postSolution
		{2B42D955-7D17-4A7A-BD4E-248E4432E2AA}.Debug|Any CPU.ActiveCfg = Debug|Any CPU
		{2B42D955-7D17-4A7A-BD4E-248E4432E2AA}.Debug|Any CPU.Build.0 = Debug|Any CPU
		{2B42D955-7D17-4A7A-BD4E-248E4432E2AA}.Release|Any CPU.ActiveCfg = Release|Any CPU
		{2B42D955-7D17-4A7A-BD4E-248E4432E2AA}.Release|Any CPU.Build.0 = Release|Any CPU
		{C4700438-5BA4-4614-8382-697777647F2A}.Debug|Any CPU.ActiveCfg = Debug|Any CPU
		{C4700438-5BA4-4614-8382-697777647F2A}.Debug|Any CPU.Build.0 = Debug|Any CPU
		{C4700438-5BA4-4614-8382-697777647F2A}.Release|Any CPU.ActiveCfg = Release|Any CPU
		{C4700438-5BA4-4614-8382-697777647F2A}.Release|Any CPU.Build.0 = Release|Any CPU
		{4987D5B9-7138-4A8A-8C09-9964C942D357}.Debug|Any CPU.ActiveCfg = Debug|Any CPU
		{4987D5B9-7138-4A8A-8C09-9964C942D357}.Debug|Any CPU.Build.0 = Debug|Any CPU
		{4987D5B9-7138-4A8A-8C09-9964C942D357}.Release|Any CPU.ActiveCfg = Release|Any CPU
		{4987D5B9-7138-4A8A-8C09-9964C942D357}.Release|Any CPU.Build.0 = Release|Any CPU
	EndGlobalSection
	GlobalSection(SolutionProperties) = preSolution
		HideSolutionNode = FALSE
	EndGlobalSection
EndGlobal
