{
    "name": "9",
    "version": "1.0.0",
    "lockfileVersion": 3,
    "requires": true,
    "packages": {
        "": {
            "name": "9",
            "version": "1.0.0",
            "dependencies": {
                "async": "^3.2.5",
                "rpc-websockets": "^7.8.0",
                "ws": "^8.15.0"
            }
        },
        "node_modules/@babel/runtime": {
            "version": "7.23.5",
            "resolved": "https://registry.npmjs.org/@babel/runtime/-/runtime-7.23.5.tgz",
            "integrity": "sha512-NdUTHcPe4C99WxPub+K9l9tK5/lV4UXIoaHSYgzco9BCyjKAAwzdBI+wWtYqHt7LJdbo74ZjRPJgzVweq1sz0w==",
            "dependencies": {
                "regenerator-runtime": "^0.14.0"
            },
            "engines": {
                "node": ">=6.9.0"
            }
        },
        "node_modules/async": {
            "version": "3.2.5",
            "resolved": "https://registry.npmjs.org/async/-/async-3.2.5.tgz",
            "integrity": "sha512-baNZyqaaLhyLVKm/DlvdW051MSgO6b8eVfIezl9E5PqWxFgzLm/wQntEW4zOytVburDEr0JlALEpdOFwvErLsg=="
        },
        "node_modules/bufferutil": {
            "version": "4.0.8",
            "hasInstallScript": true,
            "license": "MIT",
            "optional": true,
            "dependencies": {
                "node-gyp-build": "^4.3.0"
            },
            "engines": {
                "node": ">=6.14.2"
            }
        },
        "node_modules/eventemitter3": {
            "version": "4.0.7",
            "resolved": "https://registry.npmjs.org/eventemitter3/-/eventemitter3-4.0.7.tgz",
            "integrity": "sha512-8guHBZCwKnFhYdHr2ysuRWErTwhoN2X8XELRlrRwpmfeY2jjuUN4taQMsULKUVo1K4DvZl+0pgfyoysHxvmvEw=="
        },
        "node_modules/node-gyp-build": {
            "version": "4.7.0",
            "license": "MIT",
            "optional": true,
            "bin": {
                "node-gyp-build": "bin.js",
                "node-gyp-build-optional": "optional.js",
                "node-gyp-build-test": "build-test.js"
            }
        },
        "node_modules/regenerator-runtime": {
            "version": "0.14.0",
            "resolved": "https://registry.npmjs.org/regenerator-runtime/-/regenerator-runtime-0.14.0.tgz",
            "integrity": "sha512-srw17NI0TUWHuGa5CFGGmhfNIeja30WMBfbslPNhf6JrqQlLN5gcrvig1oqPxiVaXb0oW0XRKtH6Nngs5lKCIA=="
        },
        "node_modules/rpc-websockets": {
            "version": "7.8.0",
            "resolved": "https://registry.npmjs.org/rpc-websockets/-/rpc-websockets-7.8.0.tgz",
            "integrity": "sha512-AStkq6KDvSAmA4WiwlK1pDvj/33BWmExTATUokC0v+NhWekXSTNzXS5OGXeYwq501/pj6lBZMofg/h4dx4/tCg==",
            "dependencies": {
                "@babel/runtime": "^7.17.2",
                "eventemitter3": "^4.0.7",
                "uuid": "^8.3.2",
                "ws": "^8.5.0"
            },
            "funding": {
                "type": "paypal",
                "url": "https://paypal.me/kozjak"
            },
            "optionalDependencies": {
                "bufferutil": "^4.0.1",
                "utf-8-validate": "^5.0.2"
            }
        },
        "node_modules/utf-8-validate": {
            "version": "5.0.10",
            "hasInstallScript": true,
            "license": "MIT",
            "optional": true,
            "dependencies": {
                "node-gyp-build": "^4.3.0"
            },
            "engines": {
                "node": ">=6.14.2"
            }
        },
        "node_modules/uuid": {
            "version": "8.3.2",
            "resolved": "https://registry.npmjs.org/uuid/-/uuid-8.3.2.tgz",
            "integrity": "sha512-+NYs2QeMWy+GWFOEm9xnn6HCDp0l7QBD7ml8zLUmJ+93Q5NF0NocErnwkTkXVFNiX3/fpC6afS8Dhb/gz7R7eg==",
            "bin": {
                "uuid": "dist/bin/uuid"
            }
        },
        "node_modules/ws": {
            "version": "8.15.0",
            "resolved": "https://registry.npmjs.org/ws/-/ws-8.15.0.tgz",
            "integrity": "sha512-H/Z3H55mrcrgjFwI+5jKavgXvwQLtfPCUEp6pi35VhoB0pfcHnSoyuTzkBEZpzq49g1193CUEwIvmsjcotenYw==",
            "engines": {
                "node": ">=10.0.0"
            },
            "peerDependencies": {
                "bufferutil": "^4.0.1",
                "utf-8-validate": ">=5.0.2"
            },
            "peerDependenciesMeta": {
                "bufferutil": {
                    "optional": true
                },
                "utf-8-validate": {
                    "optional": true
                }
            }
        }
    }
}
