
Microsoft Visual Studio Solution File, Format Version 12.00
# Visual Studio Version 16
VisualStudioVersion = 16.0.32929.386
MinimumVisualStudioVersion = 10.0.40219.1
Project("{FAE04EC0-301F-11D3-BF4B-00C04F79EFBC}") = "NineLaab", "NineLaab\NineLaab.csproj", "{88FF9779-B2EF-4C00-80D3-0C0AD27C65FE}"
EndProject
Global
	GlobalSection(SolutionConfigurationPlatforms) = preSolution
		Debug|Any CPU = Debug|Any CPU
		Release|Any CPU = Release|Any CPU
	EndGlobalSection
	GlobalSection(ProjectConfigurationPlatforms) = postSolution
		{88FF9779-B2EF-4C00-80D3-0C0AD27C65FE}.Debug|Any CPU.ActiveCfg = Debug|Any CPU
		{88FF9779-B2EF-4C00-80D3-0C0AD27C65FE}.Debug|Any CPU.Build.0 = Debug|Any CPU
		{88FF9779-B2EF-4C00-80D3-0C0AD27C65FE}.Release|Any CPU.ActiveCfg = Release|Any CPU
		{88FF9779-B2EF-4C00-80D3-0C0AD27C65FE}.Release|Any CPU.Build.0 = Release|Any CPU
	EndGlobalSection
	GlobalSection(SolutionProperties) = preSolution
		HideSolutionNode = FALSE
	EndGlobalSection
	GlobalSection(ExtensibilityGlobals) = postSolution
		SolutionGuid = {2EC52BF3-A517-4EED-B5A9-F135959778E0}
	EndGlobalSection
EndGlobal
