
Microsoft Visual Studio Solution File, Format Version 12.00
# Visual Studio Version 17
VisualStudioVersion = 17.1.32228.430
MinimumVisualStudioVersion = 10.0.40219.1
Project("{FAE04EC0-301F-11D3-BF4B-00C04F79EFBC}") = "lab6", "lab6\lab6.csproj", "{0BF01868-B336-4B57-A80C-B121B2C01EEB}"
EndProject
Global
	GlobalSection(SolutionConfigurationPlatforms) = preSolution
		Debug|Any CPU = Debug|Any CPU
		Release|Any CPU = Release|Any CPU
	EndGlobalSection
	GlobalSection(ProjectConfigurationPlatforms) = postSolution
		{0BF01868-B336-4B57-A80C-B121B2C01EEB}.Debug|Any CPU.ActiveCfg = Debug|Any CPU
		{0BF01868-B336-4B57-A80C-B121B2C01EEB}.Debug|Any CPU.Build.0 = Debug|Any CPU
		{0BF01868-B336-4B57-A80C-B121B2C01EEB}.Release|Any CPU.ActiveCfg = Release|Any CPU
		{0BF01868-B336-4B57-A80C-B121B2C01EEB}.Release|Any CPU.Build.0 = Release|Any CPU
	EndGlobalSection
	GlobalSection(SolutionProperties) = preSolution
		HideSolutionNode = FALSE
	EndGlobalSection
	GlobalSection(ExtensibilityGlobals) = postSolution
		SolutionGuid = {F2133E8C-6D2E-48F2-9061-A5E62EDA99D1}
	EndGlobalSection
EndGlobal
