
Microsoft Visual Studio Solution File, Format Version 12.00
# Visual Studio Version 17
VisualStudioVersion = 17.5.33424.131
MinimumVisualStudioVersion = 10.0.40219.1
Project("{FAE04EC0-301F-11D3-BF4B-00C04F79EFBC}") = "lab6", "lab6\lab6.csproj", "{3BDD60A7-D1C1-4028-B58E-D1DD8E3771D1}"
EndProject
Project("{FAE04EC0-301F-11D3-BF4B-00C04F79EFBC}") = "Lab6Lib", "Lab6Lib\Lab6Lib.csproj", "{AE8A801A-AD83-4378-AD02-FECF117E3B06}"
EndProject
Global
	GlobalSection(SolutionConfigurationPlatforms) = preSolution
		Debug|Any CPU = Debug|Any CPU
		Release|Any CPU = Release|Any CPU
	EndGlobalSection
	GlobalSection(ProjectConfigurationPlatforms) = postSolution
		{3BDD60A7-D1C1-4028-B58E-D1DD8E3771D1}.Debug|Any CPU.ActiveCfg = Debug|Any CPU
		{3BDD60A7-D1C1-4028-B58E-D1DD8E3771D1}.Debug|Any CPU.Build.0 = Debug|Any CPU
		{3BDD60A7-D1C1-4028-B58E-D1DD8E3771D1}.Release|Any CPU.ActiveCfg = Release|Any CPU
		{3BDD60A7-D1C1-4028-B58E-D1DD8E3771D1}.Release|Any CPU.Build.0 = Release|Any CPU
		{AE8A801A-AD83-4378-AD02-FECF117E3B06}.Debug|Any CPU.ActiveCfg = Debug|Any CPU
		{AE8A801A-AD83-4378-AD02-FECF117E3B06}.Debug|Any CPU.Build.0 = Debug|Any CPU
		{AE8A801A-AD83-4378-AD02-FECF117E3B06}.Release|Any CPU.ActiveCfg = Release|Any CPU
		{AE8A801A-AD83-4378-AD02-FECF117E3B06}.Release|Any CPU.Build.0 = Release|Any CPU
	EndGlobalSection
	GlobalSection(SolutionProperties) = preSolution
		HideSolutionNode = FALSE
	EndGlobalSection
	GlobalSection(ExtensibilityGlobals) = postSolution
		SolutionGuid = {62AA0CA0-35E4-4FCD-84B2-80747B59B9A1}
	EndGlobalSection
EndGlobal
